
Microsoft Visual Studio Solution File, Format Version 12.00
Project("{FAE04EC0-301F-11D3-BF4B-00C04F79EFBC}") = "Auth", "Auth\Auth.csproj", "{6A15DCEE-03B1-4430-8AEF-8D38CF91D25B}"
EndProject
Project("{2150E333-8FDC-42A3-9474-1A3956D46DE8}") = "Solution Items", "Solution Items", "{583950A1-A05E-4D7B-9E7A-D7DD64EED6A4}"
	ProjectSection(SolutionItems) = preProject
		Solution Items\docker-compose.yaml = Solution Items\docker-compose.yaml
		Solution Items\README.md = Solution Items\README.md
		Solution Items\technical-README.md = Solution Items\technical-README.md
	EndProjectSection
EndProject
Project("{2150E333-8FDC-42A3-9474-1A3956D46DE8}") = "Scripts", "Scripts", "{B6994EE6-FCDB-4691-A332-EF6A2FA1CE50}"
EndProject
Project("{2150E333-8FDC-42A3-9474-1A3956D46DE8}") = "Configurations", "Configurations", "{143592C5-9A4C-45DE-B9F7-85270CA1D01A}"
	ProjectSection(SolutionItems) = preProject
		Solution Items\Configurations\kurkle-realm.json = Solution Items\Configurations\kurkle-realm.json
	EndProjectSection
EndProject
Project("{FAE04EC0-301F-11D3-BF4B-00C04F79EFBC}") = "Subscriptions", "Subscriptions\Subscriptions.csproj", "{D08B9DDC-43CF-4F2E-A954-4911938CFC00}"
EndProject
Project("{FAE04EC0-301F-11D3-BF4B-00C04F79EFBC}") = "Profiles", "Profiles\Profiles.csproj", "{9E0F77D4-341E-4469-8CA1-6B30BE651809}"
EndProject
Project("{FAE04EC0-301F-11D3-BF4B-00C04F79EFBC}") = "Shared", "Shared\Shared.csproj", "{B0D7636E-0A17-48D7-9E88-DB28EAF4BD11}"
EndProject
Project("{2150E333-8FDC-42A3-9474-1A3956D46DE8}") = "K8S", "K8S", "{85B066D7-4AA3-470D-B68D-CAAB2D9F349D}"
	ProjectSection(SolutionItems) = preProject
		Solution Items\K8S\ingress-src.yaml = Solution Items\K8S\ingress-src.yaml
	EndProjectSection
EndProject
Project("{2150E333-8FDC-42A3-9474-1A3956D46DE8}") = "Docker", "Docker", "{ED4416CF-E23F-4290-9B30-E0DF891A7140}"
EndProject
Project("{2150E333-8FDC-42A3-9474-1A3956D46DE8}") = "Development", "Development", "{B9103DD0-64E3-445E-A387-EBAF50E35763}"
	ProjectSection(SolutionItems) = preProject
		Solution Items\Docker\Development\profiles-service.Development.sh = Solution Items\Docker\Development\profiles-service.Development.sh
	EndProjectSection
EndProject
Project("{2150E333-8FDC-42A3-9474-1A3956D46DE8}") = "Production", "Production", "{51680D01-CFB5-427D-AB1C-14408CD888C6}"
	ProjectSection(SolutionItems) = preProject
		Solution Items\Docker\Production\profiles-service.Production.sh = Solution Items\Docker\Production\profiles-service.Production.sh
	EndProjectSection
EndProject
Project("{2150E333-8FDC-42A3-9474-1A3956D46DE8}") = "Dockerfiles", "Dockerfiles", "{EA8A992F-E3EB-431C-9E0D-F395FC64DC37}"
	ProjectSection(SolutionItems) = preProject
		Solution Items\Docker\Dockerfiles\ProfilesDatabaseDockerfile = Solution Items\Docker\Dockerfiles\ProfilesDatabaseDockerfile
	EndProjectSection
EndProject
Project("{2150E333-8FDC-42A3-9474-1A3956D46DE8}") = "Profiles", "Profiles", "{A6EB157D-7C30-4F85-8A91-E2421FAD8136}"
	ProjectSection(SolutionItems) = preProject
		Solution Items\K8S\Profiles\database-depl.yaml = Solution Items\K8S\Profiles\database-depl.yaml
		Solution Items\K8S\Profiles\local-pvc.yaml = Solution Items\K8S\Profiles\local-pvc.yaml
		Solution Items\K8S\Profiles\np-srv.yaml = Solution Items\K8S\Profiles\np-srv.yaml
		Solution Items\K8S\Profiles\service-depl.yaml = Solution Items\K8S\Profiles\service-depl.yaml
		Solution Items\K8S\Profiles\database-np.yaml = Solution Items\K8S\Profiles\database-np.yaml
	EndProjectSection
EndProject
Project("{2150E333-8FDC-42A3-9474-1A3956D46DE8}") = "Subscriptions", "Subscriptions", "{0B0851A5-5989-4A11-9804-61BD8BC78DE4}"
EndProject
Global
	GlobalSection(SolutionConfigurationPlatforms) = preSolution
		Debug|Any CPU = Debug|Any CPU
		Release|Any CPU = Release|Any CPU
	EndGlobalSection
	GlobalSection(ProjectConfigurationPlatforms) = postSolution
		{6A15DCEE-03B1-4430-8AEF-8D38CF91D25B}.Debug|Any CPU.ActiveCfg = Debug|Any CPU
		{6A15DCEE-03B1-4430-8AEF-8D38CF91D25B}.Debug|Any CPU.Build.0 = Debug|Any CPU
		{6A15DCEE-03B1-4430-8AEF-8D38CF91D25B}.Release|Any CPU.ActiveCfg = Release|Any CPU
		{6A15DCEE-03B1-4430-8AEF-8D38CF91D25B}.Release|Any CPU.Build.0 = Release|Any CPU
		{D08B9DDC-43CF-4F2E-A954-4911938CFC00}.Debug|Any CPU.ActiveCfg = Debug|Any CPU
		{D08B9DDC-43CF-4F2E-A954-4911938CFC00}.Debug|Any CPU.Build.0 = Debug|Any CPU
		{D08B9DDC-43CF-4F2E-A954-4911938CFC00}.Release|Any CPU.ActiveCfg = Release|Any CPU
		{D08B9DDC-43CF-4F2E-A954-4911938CFC00}.Release|Any CPU.Build.0 = Release|Any CPU
		{9E0F77D4-341E-4469-8CA1-6B30BE651809}.Debug|Any CPU.ActiveCfg = Debug|Any CPU
		{9E0F77D4-341E-4469-8CA1-6B30BE651809}.Debug|Any CPU.Build.0 = Debug|Any CPU
		{9E0F77D4-341E-4469-8CA1-6B30BE651809}.Release|Any CPU.ActiveCfg = Release|Any CPU
		{9E0F77D4-341E-4469-8CA1-6B30BE651809}.Release|Any CPU.Build.0 = Release|Any CPU
		{B0D7636E-0A17-48D7-9E88-DB28EAF4BD11}.Debug|Any CPU.ActiveCfg = Debug|Any CPU
		{B0D7636E-0A17-48D7-9E88-DB28EAF4BD11}.Debug|Any CPU.Build.0 = Debug|Any CPU
		{B0D7636E-0A17-48D7-9E88-DB28EAF4BD11}.Release|Any CPU.ActiveCfg = Release|Any CPU
		{B0D7636E-0A17-48D7-9E88-DB28EAF4BD11}.Release|Any CPU.Build.0 = Release|Any CPU
	EndGlobalSection
	GlobalSection(NestedProjects) = preSolution
		{B6994EE6-FCDB-4691-A332-EF6A2FA1CE50} = {583950A1-A05E-4D7B-9E7A-D7DD64EED6A4}
		{143592C5-9A4C-45DE-B9F7-85270CA1D01A} = {583950A1-A05E-4D7B-9E7A-D7DD64EED6A4}
		{85B066D7-4AA3-470D-B68D-CAAB2D9F349D} = {583950A1-A05E-4D7B-9E7A-D7DD64EED6A4}
		{ED4416CF-E23F-4290-9B30-E0DF891A7140} = {583950A1-A05E-4D7B-9E7A-D7DD64EED6A4}
		{B9103DD0-64E3-445E-A387-EBAF50E35763} = {ED4416CF-E23F-4290-9B30-E0DF891A7140}
		{51680D01-CFB5-427D-AB1C-14408CD888C6} = {ED4416CF-E23F-4290-9B30-E0DF891A7140}
		{EA8A992F-E3EB-431C-9E0D-F395FC64DC37} = {ED4416CF-E23F-4290-9B30-E0DF891A7140}
		{A6EB157D-7C30-4F85-8A91-E2421FAD8136} = {85B066D7-4AA3-470D-B68D-CAAB2D9F349D}
		{0B0851A5-5989-4A11-9804-61BD8BC78DE4} = {85B066D7-4AA3-470D-B68D-CAAB2D9F349D}
	EndGlobalSection
EndGlobal
