
Microsoft Visual Studio Solution File, Format Version 12.00
Project("{FAE04EC0-301F-11D3-BF4B-00C04F79EFBC}") = "Auth", "Auth\Auth.csproj", "{6A15DCEE-03B1-4430-8AEF-8D38CF91D25B}"
EndProject
Project("{2150E333-8FDC-42A3-9474-1A3956D46DE8}") = "Solution Items", "Solution Items", "{583950A1-A05E-4D7B-9E7A-D7DD64EED6A4}"
	ProjectSection(SolutionItems) = preProject
		Solution Items\README.md = Solution Items\README.md
		Solution Items\technical-README.md = Solution Items\technical-README.md
	EndProjectSection
EndProject
Project("{2150E333-8FDC-42A3-9474-1A3956D46DE8}") = "Scripts", "Scripts", "{B6994EE6-FCDB-4691-A332-EF6A2FA1CE50}"
	ProjectSection(SolutionItems) = preProject
		Solution Items\Scripts\elasticsearch.sh = Solution Items\Scripts\elasticsearch.sh
		Solution Items\Scripts\all.sh = Solution Items\Scripts\all.sh
		Solution Items\Scripts\reactions.sh = Solution Items\Scripts\reactions.sh
		Solution Items\Scripts\auth.sh = Solution Items\Scripts\auth.sh
		Solution Items\Scripts\collections.sh = Solution Items\Scripts\collections.sh
		Solution Items\Scripts\glimpses.sh = Solution Items\Scripts\glimpses.sh
		Solution Items\Scripts\ingress.sh = Solution Items\Scripts\ingress.sh
		Solution Items\Scripts\recipes.sh = Solution Items\Scripts\recipes.sh
		Solution Items\Scripts\seaweed-fs.sh = Solution Items\Scripts\seaweed-fs.sh
		Solution Items\Scripts\tags.sh = Solution Items\Scripts\tags.sh
		Solution Items\Scripts\profiles.sh = Solution Items\Scripts\profiles.sh
		Solution Items\Scripts\subscriptions.sh = Solution Items\Scripts\subscriptions.sh
		Solution Items\Scripts\frontend.sh = Solution Items\Scripts\frontend.sh
		Solution Items\Scripts\keycloak.sh = Solution Items\Scripts\keycloak.sh
	EndProjectSection
EndProject
Project("{2150E333-8FDC-42A3-9474-1A3956D46DE8}") = "Configurations", "Configurations", "{143592C5-9A4C-45DE-B9F7-85270CA1D01A}"
	ProjectSection(SolutionItems) = preProject
		Solution Items\Configurations\kurkle-realm.json = Solution Items\Configurations\kurkle-realm.json
	EndProjectSection
EndProject
Project("{FAE04EC0-301F-11D3-BF4B-00C04F79EFBC}") = "Subscriptions", "Subscriptions\Subscriptions.csproj", "{D08B9DDC-43CF-4F2E-A954-4911938CFC00}"
EndProject
Project("{FAE04EC0-301F-11D3-BF4B-00C04F79EFBC}") = "Profiles", "Profiles\Profiles.csproj", "{9E0F77D4-341E-4469-8CA1-6B30BE651809}"
EndProject
Project("{FAE04EC0-301F-11D3-BF4B-00C04F79EFBC}") = "Shared", "Shared\Shared.csproj", "{B0D7636E-0A17-48D7-9E88-DB28EAF4BD11}"
EndProject
Project("{2150E333-8FDC-42A3-9474-1A3956D46DE8}") = "K8S", "K8S", "{85B066D7-4AA3-470D-B68D-CAAB2D9F349D}"
	ProjectSection(SolutionItems) = preProject
		Solution Items\K8S\ingress-service.yaml = Solution Items\K8S\ingress-service.yaml
	EndProjectSection
EndProject
Project("{2150E333-8FDC-42A3-9474-1A3956D46DE8}") = "Profiles", "Profiles", "{A6EB157D-7C30-4F85-8A91-E2421FAD8136}"
EndProject
Project("{2150E333-8FDC-42A3-9474-1A3956D46DE8}") = "Subscriptions", "Subscriptions", "{0B0851A5-5989-4A11-9804-61BD8BC78DE4}"
EndProject
Project("{2150E333-8FDC-42A3-9474-1A3956D46DE8}") = "Database", "Database", "{38FD7833-E584-4A17-B005-EE31FA794607}"
	ProjectSection(SolutionItems) = preProject
		Solution Items\K8S\Profiles\Database\deployment.yaml = Solution Items\K8S\Profiles\Database\deployment.yaml
		Solution Items\K8S\Profiles\Database\nodeport.yaml = Solution Items\K8S\Profiles\Database\nodeport.yaml
		Solution Items\K8S\Profiles\Database\pvc.yaml = Solution Items\K8S\Profiles\Database\pvc.yaml
	EndProjectSection
EndProject
Project("{2150E333-8FDC-42A3-9474-1A3956D46DE8}") = "Service", "Service", "{9491EACE-F62C-4544-842B-BC57CD11444E}"
	ProjectSection(SolutionItems) = preProject
		Solution Items\K8S\Profiles\Service\nodeport.yaml = Solution Items\K8S\Profiles\Service\nodeport.yaml
		Solution Items\K8S\Profiles\Service\service.yaml = Solution Items\K8S\Profiles\Service\service.yaml
	EndProjectSection
EndProject
Project("{2150E333-8FDC-42A3-9474-1A3956D46DE8}") = "Service", "Service", "{7F313EE0-B59E-44AF-A526-7110186482C6}"
	ProjectSection(SolutionItems) = preProject
		Solution Items\K8S\Subscriptions\Service\nodeport.yaml = Solution Items\K8S\Subscriptions\Service\nodeport.yaml
		Solution Items\K8S\Subscriptions\Service\service.yaml = Solution Items\K8S\Subscriptions\Service\service.yaml
	EndProjectSection
EndProject
Project("{2150E333-8FDC-42A3-9474-1A3956D46DE8}") = "Database", "Database", "{27DB717F-546F-4695-84DD-0DE77A377C6A}"
	ProjectSection(SolutionItems) = preProject
		Solution Items\K8S\Subscriptions\Database\deployment.yaml = Solution Items\K8S\Subscriptions\Database\deployment.yaml
		Solution Items\K8S\Subscriptions\Database\nodeport.yaml = Solution Items\K8S\Subscriptions\Database\nodeport.yaml
		Solution Items\K8S\Subscriptions\Database\pvc.yaml = Solution Items\K8S\Subscriptions\Database\pvc.yaml
	EndProjectSection
EndProject
Project("{2150E333-8FDC-42A3-9474-1A3956D46DE8}") = "Keycloak", "Keycloak", "{03A6DF9E-59A0-4A82-B4E5-EA7DD4EF50E8}"
EndProject
Project("{2150E333-8FDC-42A3-9474-1A3956D46DE8}") = "Database", "Database", "{15A17FBD-6AB3-4C19-926B-EE36547EB7C1}"
	ProjectSection(SolutionItems) = preProject
		Solution Items\K8S\Keycloak\Database\deployment.yaml = Solution Items\K8S\Keycloak\Database\deployment.yaml
		Solution Items\K8S\Keycloak\Database\nodeport.yaml = Solution Items\K8S\Keycloak\Database\nodeport.yaml
		Solution Items\K8S\Keycloak\Database\pvc.yaml = Solution Items\K8S\Keycloak\Database\pvc.yaml
	EndProjectSection
EndProject
Project("{2150E333-8FDC-42A3-9474-1A3956D46DE8}") = "Service", "Service", "{BC881C6E-2C42-4946-BCDC-37865532B26E}"
	ProjectSection(SolutionItems) = preProject
		Solution Items\K8S\Keycloak\Service\service.yaml = Solution Items\K8S\Keycloak\Service\service.yaml
		Solution Items\K8S\Keycloak\Service\nodeport.yaml = Solution Items\K8S\Keycloak\Service\nodeport.yaml
	EndProjectSection
EndProject
Project("{2150E333-8FDC-42A3-9474-1A3956D46DE8}") = "Frontend", "Frontend", "{ED9849EC-9662-4CC9-92CF-8ACC54D95962}"
EndProject
Project("{2150E333-8FDC-42A3-9474-1A3956D46DE8}") = "Service", "Service", "{22C33F62-BB08-4715-8680-A7F97DA26974}"
	ProjectSection(SolutionItems) = preProject
		Solution Items\K8S\Frontend\Service\service.yaml = Solution Items\K8S\Frontend\Service\service.yaml
		Solution Items\K8S\Frontend\Service\nodeport.yaml = Solution Items\K8S\Frontend\Service\nodeport.yaml
	EndProjectSection
EndProject
Project("{2150E333-8FDC-42A3-9474-1A3956D46DE8}") = "Auth", "Auth", "{94997946-486A-46A0-92F7-B8CAA6812B06}"
EndProject
Project("{2150E333-8FDC-42A3-9474-1A3956D46DE8}") = "Service", "Service", "{5103DD2F-2CE4-4F4A-A26E-E468889919BB}"
	ProjectSection(SolutionItems) = preProject
		Solution Items\K8S\Auth\Service\nodeport.yaml = Solution Items\K8S\Auth\Service\nodeport.yaml
		Solution Items\K8S\Auth\Service\service.yaml = Solution Items\K8S\Auth\Service\service.yaml
	EndProjectSection
EndProject
Project("{2150E333-8FDC-42A3-9474-1A3956D46DE8}") = "Database", "Database", "{ED6D206B-5FAB-46A8-90B8-3E9F1AB01407}"
	ProjectSection(SolutionItems) = preProject
		Solution Items\K8S\Auth\Database\deployment.yaml = Solution Items\K8S\Auth\Database\deployment.yaml
		Solution Items\K8S\Auth\Database\nodeport.yaml = Solution Items\K8S\Auth\Database\nodeport.yaml
		Solution Items\K8S\Auth\Database\pvc.yaml = Solution Items\K8S\Auth\Database\pvc.yaml
	EndProjectSection
EndProject
Project("{2150E333-8FDC-42A3-9474-1A3956D46DE8}") = "Store", "Store", "{38982E59-E2C5-4250-B13C-952187031F7F}"
EndProject
Project("{2150E333-8FDC-42A3-9474-1A3956D46DE8}") = "SeaweedFS", "SeaweedFS", "{583EEA00-5630-4C63-AB70-5614CBBAF890}"
EndProject
Project("{2150E333-8FDC-42A3-9474-1A3956D46DE8}") = "Service", "Service", "{92AD9D2C-EC04-42FA-91F5-CAB139553FD6}"
	ProjectSection(SolutionItems) = preProject
		Solution Items\K8S\SeaweedFS\Service\node-port.yaml = Solution Items\K8S\SeaweedFS\Service\node-port.yaml
		Solution Items\K8S\SeaweedFS\Service\seaweedfs.yaml = Solution Items\K8S\SeaweedFS\Service\seaweedfs.yaml
	EndProjectSection
EndProject
Project("{FAE04EC0-301F-11D3-BF4B-00C04F79EFBC}") = "Recipes", "Recipes\Recipes.csproj", "{06D4BE40-B798-4F56-B5F7-6C67E355B343}"
EndProject
Project("{2150E333-8FDC-42A3-9474-1A3956D46DE8}") = "Recipes", "Recipes", "{F69AD4A7-24EE-43BB-BBB1-E761452E0A05}"
EndProject
Project("{2150E333-8FDC-42A3-9474-1A3956D46DE8}") = "Database", "Database", "{E2FD080E-DCAF-43DC-943F-2AA1BDDA4609}"
	ProjectSection(SolutionItems) = preProject
		Solution Items\K8S\Recipes\Database\deployment.yaml = Solution Items\K8S\Recipes\Database\deployment.yaml
		Solution Items\K8S\Recipes\Database\nodeport.yaml = Solution Items\K8S\Recipes\Database\nodeport.yaml
		Solution Items\K8S\Recipes\Database\pvc.yaml = Solution Items\K8S\Recipes\Database\pvc.yaml
	EndProjectSection
EndProject
Project("{2150E333-8FDC-42A3-9474-1A3956D46DE8}") = "Service", "Service", "{27A1ADE5-1E9C-4F02-B216-D302F2393D21}"
	ProjectSection(SolutionItems) = preProject
		Solution Items\K8S\Recipes\Service\nodeport.yaml = Solution Items\K8S\Recipes\Service\nodeport.yaml
		Solution Items\K8S\Recipes\Service\service.yaml = Solution Items\K8S\Recipes\Service\service.yaml
	EndProjectSection
EndProject
Project("{FAE04EC0-301F-11D3-BF4B-00C04F79EFBC}") = "Tags", "Tags\Tags.csproj", "{D64749EE-1B27-49C3-BE76-40B6F40A95B9}"
EndProject
Project("{2150E333-8FDC-42A3-9474-1A3956D46DE8}") = "Tags", "Tags", "{155241FD-8BAF-4786-9505-503F2A60B8C2}"
EndProject
Project("{2150E333-8FDC-42A3-9474-1A3956D46DE8}") = "Service", "Service", "{10D3CEA3-814B-4868-A4E8-45A97F891528}"
	ProjectSection(SolutionItems) = preProject
		Solution Items\K8S\Tags\Service\nodeport.yaml = Solution Items\K8S\Tags\Service\nodeport.yaml
		Solution Items\K8S\Tags\Service\service.yaml = Solution Items\K8S\Tags\Service\service.yaml
	EndProjectSection
EndProject
Project("{2150E333-8FDC-42A3-9474-1A3956D46DE8}") = "Database", "Database", "{92029180-92BC-4431-B8AB-131CF37E9F30}"
	ProjectSection(SolutionItems) = preProject
		Solution Items\K8S\Tags\Database\deployment.yaml = Solution Items\K8S\Tags\Database\deployment.yaml
		Solution Items\K8S\Tags\Database\nodeport.yaml = Solution Items\K8S\Tags\Database\nodeport.yaml
		Solution Items\K8S\Tags\Database\pvc.yaml = Solution Items\K8S\Tags\Database\pvc.yaml
	EndProjectSection
EndProject
Project("{FAE04EC0-301F-11D3-BF4B-00C04F79EFBC}") = "Glimpses", "Glimpses\Glimpses.csproj", "{7A3DC346-F76B-47D9-BC45-DC122627B7E4}"
EndProject
Project("{2150E333-8FDC-42A3-9474-1A3956D46DE8}") = "Glimpses", "Glimpses", "{085FD92E-6550-4EB6-94E1-C0EED338F516}"
EndProject
Project("{2150E333-8FDC-42A3-9474-1A3956D46DE8}") = "Service", "Service", "{1EF34D1B-19C6-4D9E-83C2-3AEA79640E70}"
	ProjectSection(SolutionItems) = preProject
		Solution Items\K8S\Glimpses\Service\nodeport.yaml = Solution Items\K8S\Glimpses\Service\nodeport.yaml
		Solution Items\K8S\Glimpses\Service\service.yaml = Solution Items\K8S\Glimpses\Service\service.yaml
	EndProjectSection
EndProject
Project("{2150E333-8FDC-42A3-9474-1A3956D46DE8}") = "Database", "Database", "{28952390-4243-4953-AB15-525EC8E90AC2}"
	ProjectSection(SolutionItems) = preProject
		Solution Items\K8S\Glimpses\Database\deployment.yaml = Solution Items\K8S\Glimpses\Database\deployment.yaml
		Solution Items\K8S\Glimpses\Database\nodeport.yaml = Solution Items\K8S\Glimpses\Database\nodeport.yaml
		Solution Items\K8S\Glimpses\Database\pvc.yaml = Solution Items\K8S\Glimpses\Database\pvc.yaml
	EndProjectSection
EndProject
Project("{FAE04EC0-301F-11D3-BF4B-00C04F79EFBC}") = "Collections", "Collections\Collections.csproj", "{81DE53B8-9A3E-4346-8FD5-50F0896D92D0}"
EndProject
Project("{2150E333-8FDC-42A3-9474-1A3956D46DE8}") = "Collections", "Collections", "{4BAE1209-7C70-4C47-9B1F-A25822B6B0C0}"
EndProject
Project("{2150E333-8FDC-42A3-9474-1A3956D46DE8}") = "Service", "Service", "{4FFFD6B4-A08B-49F6-BB29-F44F99F9F36B}"
	ProjectSection(SolutionItems) = preProject
		Solution Items\K8S\Collections\Service\nodeport.yaml = Solution Items\K8S\Collections\Service\nodeport.yaml
		Solution Items\K8S\Collections\Service\service.yaml = Solution Items\K8S\Collections\Service\service.yaml
	EndProjectSection
EndProject
Project("{2150E333-8FDC-42A3-9474-1A3956D46DE8}") = "Database", "Database", "{618D290F-3CBF-4144-ACBC-873E84C3524D}"
	ProjectSection(SolutionItems) = preProject
		Solution Items\K8S\Collections\Database\deployment.yaml = Solution Items\K8S\Collections\Database\deployment.yaml
		Solution Items\K8S\Collections\Database\nodeport.yaml = Solution Items\K8S\Collections\Database\nodeport.yaml
		Solution Items\K8S\Collections\Database\pvc.yaml = Solution Items\K8S\Collections\Database\pvc.yaml
	EndProjectSection
EndProject
Project("{2150E333-8FDC-42A3-9474-1A3956D46DE8}") = "EntityFramework", "EntityFramework", "{95729CB5-7F35-45AF-8DC5-A3110309C53D}"
	ProjectSection(SolutionItems) = preProject
		Solution Items\EntityFramework\recipe-ef.sh = Solution Items\EntityFramework\recipe-ef.sh
		Solution Items\EntityFramework\collections-ef.sh = Solution Items\EntityFramework\collections-ef.sh
		Solution Items\EntityFramework\base-ef.sh = Solution Items\EntityFramework\base-ef.sh
		Solution Items\EntityFramework\profile-ef.sh = Solution Items\EntityFramework\profile-ef.sh
		Solution Items\EntityFramework\tag-ef.sh = Solution Items\EntityFramework\tag-ef.sh
		Solution Items\EntityFramework\glimpse.sh = Solution Items\EntityFramework\glimpse.sh
		Solution Items\EntityFramework\reactions-ef.sh = Solution Items\EntityFramework\reactions-ef.sh
		Solution Items\EntityFramework\auth-ef.sh = Solution Items\EntityFramework\auth-ef.sh
		Solution Items\EntityFramework\subscriptions-ef.sh = Solution Items\EntityFramework\subscriptions-ef.sh
	EndProjectSection
EndProject
Project("{FAE04EC0-301F-11D3-BF4B-00C04F79EFBC}") = "Reactions", "Reactions\Reactions.csproj", "{191400A6-4E2A-4131-BDC4-50DE9DE4053C}"
EndProject
Project("{2150E333-8FDC-42A3-9474-1A3956D46DE8}") = "Reactions", "Reactions", "{E2843598-B0E2-4625-92B9-A488537390E2}"
EndProject
Project("{2150E333-8FDC-42A3-9474-1A3956D46DE8}") = "Database", "Database", "{F3553FD5-222F-4B2A-B196-89D518AFBC34}"
	ProjectSection(SolutionItems) = preProject
		Solution Items\K8S\Reactions\Database\deployment.yaml = Solution Items\K8S\Reactions\Database\deployment.yaml
		Solution Items\K8S\Reactions\Database\nodeport.yaml = Solution Items\K8S\Reactions\Database\nodeport.yaml
		Solution Items\K8S\Reactions\Database\pvc.yaml = Solution Items\K8S\Reactions\Database\pvc.yaml
	EndProjectSection
EndProject
Project("{2150E333-8FDC-42A3-9474-1A3956D46DE8}") = "Service", "Service", "{95EE8942-2712-4320-8004-26CC81828B41}"
	ProjectSection(SolutionItems) = preProject
		Solution Items\K8S\Reactions\Service\nodeport.yaml = Solution Items\K8S\Reactions\Service\nodeport.yaml
		Solution Items\K8S\Reactions\Service\service.yaml = Solution Items\K8S\Reactions\Service\service.yaml
	EndProjectSection
EndProject
Project("{2150E333-8FDC-42A3-9474-1A3956D46DE8}") = "ElasticSearch", "ElasticSearch", "{999D5823-DF8B-4666-8B1D-42CBE6BA2212}"
	ProjectSection(SolutionItems) = preProject
		Solution Items\K8S\ElasticSearch\service.yaml = Solution Items\K8S\ElasticSearch\service.yaml
	EndProjectSection
EndProject
Project("{2150E333-8FDC-42A3-9474-1A3956D46DE8}") = "Dockerfiles", "Dockerfiles", "{D476AEB7-8154-4517-96C6-B1B96C134C79}"
	ProjectSection(SolutionItems) = preProject
		Solution Items\Dockerfiles\KeycloakDockerfile = Solution Items\Dockerfiles\KeycloakDockerfile
	EndProjectSection
EndProject
Global
	GlobalSection(SolutionConfigurationPlatforms) = preSolution
		Debug|Any CPU = Debug|Any CPU
		Release|Any CPU = Release|Any CPU
	EndGlobalSection
	GlobalSection(ProjectConfigurationPlatforms) = postSolution
		{6A15DCEE-03B1-4430-8AEF-8D38CF91D25B}.Debug|Any CPU.ActiveCfg = Debug|Any CPU
		{6A15DCEE-03B1-4430-8AEF-8D38CF91D25B}.Debug|Any CPU.Build.0 = Debug|Any CPU
		{6A15DCEE-03B1-4430-8AEF-8D38CF91D25B}.Release|Any CPU.ActiveCfg = Release|Any CPU
		{6A15DCEE-03B1-4430-8AEF-8D38CF91D25B}.Release|Any CPU.Build.0 = Release|Any CPU
		{D08B9DDC-43CF-4F2E-A954-4911938CFC00}.Debug|Any CPU.ActiveCfg = Debug|Any CPU
		{D08B9DDC-43CF-4F2E-A954-4911938CFC00}.Debug|Any CPU.Build.0 = Debug|Any CPU
		{D08B9DDC-43CF-4F2E-A954-4911938CFC00}.Release|Any CPU.ActiveCfg = Release|Any CPU
		{D08B9DDC-43CF-4F2E-A954-4911938CFC00}.Release|Any CPU.Build.0 = Release|Any CPU
		{9E0F77D4-341E-4469-8CA1-6B30BE651809}.Debug|Any CPU.ActiveCfg = Debug|Any CPU
		{9E0F77D4-341E-4469-8CA1-6B30BE651809}.Debug|Any CPU.Build.0 = Debug|Any CPU
		{9E0F77D4-341E-4469-8CA1-6B30BE651809}.Release|Any CPU.ActiveCfg = Release|Any CPU
		{9E0F77D4-341E-4469-8CA1-6B30BE651809}.Release|Any CPU.Build.0 = Release|Any CPU
		{B0D7636E-0A17-48D7-9E88-DB28EAF4BD11}.Debug|Any CPU.ActiveCfg = Debug|Any CPU
		{B0D7636E-0A17-48D7-9E88-DB28EAF4BD11}.Debug|Any CPU.Build.0 = Debug|Any CPU
		{B0D7636E-0A17-48D7-9E88-DB28EAF4BD11}.Release|Any CPU.ActiveCfg = Release|Any CPU
		{B0D7636E-0A17-48D7-9E88-DB28EAF4BD11}.Release|Any CPU.Build.0 = Release|Any CPU
		{06D4BE40-B798-4F56-B5F7-6C67E355B343}.Debug|Any CPU.ActiveCfg = Debug|Any CPU
		{06D4BE40-B798-4F56-B5F7-6C67E355B343}.Debug|Any CPU.Build.0 = Debug|Any CPU
		{06D4BE40-B798-4F56-B5F7-6C67E355B343}.Release|Any CPU.ActiveCfg = Release|Any CPU
		{06D4BE40-B798-4F56-B5F7-6C67E355B343}.Release|Any CPU.Build.0 = Release|Any CPU
		{D64749EE-1B27-49C3-BE76-40B6F40A95B9}.Debug|Any CPU.ActiveCfg = Debug|Any CPU
		{D64749EE-1B27-49C3-BE76-40B6F40A95B9}.Debug|Any CPU.Build.0 = Debug|Any CPU
		{D64749EE-1B27-49C3-BE76-40B6F40A95B9}.Release|Any CPU.ActiveCfg = Release|Any CPU
		{D64749EE-1B27-49C3-BE76-40B6F40A95B9}.Release|Any CPU.Build.0 = Release|Any CPU
		{7A3DC346-F76B-47D9-BC45-DC122627B7E4}.Debug|Any CPU.ActiveCfg = Debug|Any CPU
		{7A3DC346-F76B-47D9-BC45-DC122627B7E4}.Debug|Any CPU.Build.0 = Debug|Any CPU
		{7A3DC346-F76B-47D9-BC45-DC122627B7E4}.Release|Any CPU.ActiveCfg = Release|Any CPU
		{7A3DC346-F76B-47D9-BC45-DC122627B7E4}.Release|Any CPU.Build.0 = Release|Any CPU
		{81DE53B8-9A3E-4346-8FD5-50F0896D92D0}.Debug|Any CPU.ActiveCfg = Debug|Any CPU
		{81DE53B8-9A3E-4346-8FD5-50F0896D92D0}.Debug|Any CPU.Build.0 = Debug|Any CPU
		{81DE53B8-9A3E-4346-8FD5-50F0896D92D0}.Release|Any CPU.ActiveCfg = Release|Any CPU
		{81DE53B8-9A3E-4346-8FD5-50F0896D92D0}.Release|Any CPU.Build.0 = Release|Any CPU
		{191400A6-4E2A-4131-BDC4-50DE9DE4053C}.Debug|Any CPU.ActiveCfg = Debug|Any CPU
		{191400A6-4E2A-4131-BDC4-50DE9DE4053C}.Debug|Any CPU.Build.0 = Debug|Any CPU
		{191400A6-4E2A-4131-BDC4-50DE9DE4053C}.Release|Any CPU.ActiveCfg = Release|Any CPU
		{191400A6-4E2A-4131-BDC4-50DE9DE4053C}.Release|Any CPU.Build.0 = Release|Any CPU
	EndGlobalSection
	GlobalSection(NestedProjects) = preSolution
		{B6994EE6-FCDB-4691-A332-EF6A2FA1CE50} = {583950A1-A05E-4D7B-9E7A-D7DD64EED6A4}
		{143592C5-9A4C-45DE-B9F7-85270CA1D01A} = {583950A1-A05E-4D7B-9E7A-D7DD64EED6A4}
		{85B066D7-4AA3-470D-B68D-CAAB2D9F349D} = {583950A1-A05E-4D7B-9E7A-D7DD64EED6A4}
		{A6EB157D-7C30-4F85-8A91-E2421FAD8136} = {85B066D7-4AA3-470D-B68D-CAAB2D9F349D}
		{0B0851A5-5989-4A11-9804-61BD8BC78DE4} = {85B066D7-4AA3-470D-B68D-CAAB2D9F349D}
		{38FD7833-E584-4A17-B005-EE31FA794607} = {A6EB157D-7C30-4F85-8A91-E2421FAD8136}
		{9491EACE-F62C-4544-842B-BC57CD11444E} = {A6EB157D-7C30-4F85-8A91-E2421FAD8136}
		{7F313EE0-B59E-44AF-A526-7110186482C6} = {0B0851A5-5989-4A11-9804-61BD8BC78DE4}
		{27DB717F-546F-4695-84DD-0DE77A377C6A} = {0B0851A5-5989-4A11-9804-61BD8BC78DE4}
		{03A6DF9E-59A0-4A82-B4E5-EA7DD4EF50E8} = {85B066D7-4AA3-470D-B68D-CAAB2D9F349D}
		{15A17FBD-6AB3-4C19-926B-EE36547EB7C1} = {03A6DF9E-59A0-4A82-B4E5-EA7DD4EF50E8}
		{BC881C6E-2C42-4946-BCDC-37865532B26E} = {03A6DF9E-59A0-4A82-B4E5-EA7DD4EF50E8}
		{ED9849EC-9662-4CC9-92CF-8ACC54D95962} = {85B066D7-4AA3-470D-B68D-CAAB2D9F349D}
		{22C33F62-BB08-4715-8680-A7F97DA26974} = {ED9849EC-9662-4CC9-92CF-8ACC54D95962}
		{94997946-486A-46A0-92F7-B8CAA6812B06} = {85B066D7-4AA3-470D-B68D-CAAB2D9F349D}
		{5103DD2F-2CE4-4F4A-A26E-E468889919BB} = {94997946-486A-46A0-92F7-B8CAA6812B06}
		{ED6D206B-5FAB-46A8-90B8-3E9F1AB01407} = {94997946-486A-46A0-92F7-B8CAA6812B06}
		{38982E59-E2C5-4250-B13C-952187031F7F} = {85B066D7-4AA3-470D-B68D-CAAB2D9F349D}
		{583EEA00-5630-4C63-AB70-5614CBBAF890} = {85B066D7-4AA3-470D-B68D-CAAB2D9F349D}
		{92AD9D2C-EC04-42FA-91F5-CAB139553FD6} = {583EEA00-5630-4C63-AB70-5614CBBAF890}
		{F69AD4A7-24EE-43BB-BBB1-E761452E0A05} = {85B066D7-4AA3-470D-B68D-CAAB2D9F349D}
		{E2FD080E-DCAF-43DC-943F-2AA1BDDA4609} = {F69AD4A7-24EE-43BB-BBB1-E761452E0A05}
		{27A1ADE5-1E9C-4F02-B216-D302F2393D21} = {F69AD4A7-24EE-43BB-BBB1-E761452E0A05}
		{155241FD-8BAF-4786-9505-503F2A60B8C2} = {85B066D7-4AA3-470D-B68D-CAAB2D9F349D}
		{10D3CEA3-814B-4868-A4E8-45A97F891528} = {155241FD-8BAF-4786-9505-503F2A60B8C2}
		{92029180-92BC-4431-B8AB-131CF37E9F30} = {155241FD-8BAF-4786-9505-503F2A60B8C2}
		{085FD92E-6550-4EB6-94E1-C0EED338F516} = {85B066D7-4AA3-470D-B68D-CAAB2D9F349D}
		{1EF34D1B-19C6-4D9E-83C2-3AEA79640E70} = {085FD92E-6550-4EB6-94E1-C0EED338F516}
		{28952390-4243-4953-AB15-525EC8E90AC2} = {085FD92E-6550-4EB6-94E1-C0EED338F516}
		{4BAE1209-7C70-4C47-9B1F-A25822B6B0C0} = {85B066D7-4AA3-470D-B68D-CAAB2D9F349D}
		{4FFFD6B4-A08B-49F6-BB29-F44F99F9F36B} = {4BAE1209-7C70-4C47-9B1F-A25822B6B0C0}
		{618D290F-3CBF-4144-ACBC-873E84C3524D} = {4BAE1209-7C70-4C47-9B1F-A25822B6B0C0}
		{95729CB5-7F35-45AF-8DC5-A3110309C53D} = {583950A1-A05E-4D7B-9E7A-D7DD64EED6A4}
		{E2843598-B0E2-4625-92B9-A488537390E2} = {85B066D7-4AA3-470D-B68D-CAAB2D9F349D}
		{F3553FD5-222F-4B2A-B196-89D518AFBC34} = {E2843598-B0E2-4625-92B9-A488537390E2}
		{95EE8942-2712-4320-8004-26CC81828B41} = {E2843598-B0E2-4625-92B9-A488537390E2}
		{999D5823-DF8B-4666-8B1D-42CBE6BA2212} = {85B066D7-4AA3-470D-B68D-CAAB2D9F349D}
		{D476AEB7-8154-4517-96C6-B1B96C134C79} = {583950A1-A05E-4D7B-9E7A-D7DD64EED6A4}
	EndGlobalSection
EndGlobal
